
Microsoft Visual Studio Solution File, Format Version 12.00
# Visual Studio Version 17
VisualStudioVersion = 17.3.32804.467
MinimumVisualStudioVersion = 10.0.40219.1
Project("{FAE04EC0-301F-11D3-BF4B-00C04F79EFBC}") = "TravelTipProje", "TravelTipProje\TravelTipProje.csproj", "{035129B8-3919-4947-9036-61D1F4DD81F6}"
EndProject
Global
	GlobalSection(SolutionConfigurationPlatforms) = preSolution
		Debug|Any CPU = Debug|Any CPU
		Release|Any CPU = Release|Any CPU
	EndGlobalSection
	GlobalSection(ProjectConfigurationPlatforms) = postSolution
		{035129B8-3919-4947-9036-61D1F4DD81F6}.Debug|Any CPU.ActiveCfg = Debug|Any CPU
		{035129B8-3919-4947-9036-61D1F4DD81F6}.Debug|Any CPU.Build.0 = Debug|Any CPU
		{035129B8-3919-4947-9036-61D1F4DD81F6}.Release|Any CPU.ActiveCfg = Release|Any CPU
		{035129B8-3919-4947-9036-61D1F4DD81F6}.Release|Any CPU.Build.0 = Release|Any CPU
	EndGlobalSection
	GlobalSection(SolutionProperties) = preSolution
		HideSolutionNode = FALSE
	EndGlobalSection
	GlobalSection(ExtensibilityGlobals) = postSolution
		SolutionGuid = {3CFE3770-AB2C-40B9-88B7-4D4574992FF6}
	EndGlobalSection
EndGlobal
